// !$*UTF8*$!
{
	archiveVersion = 1;
	classes = {
	};
	objectVersion = 46;
	objects = {

/* Begin PBXBuildFile section */
		1108034E1DED037100264524 /* CountdownTimer.swift in Sources */ = {isa = PBXBuildFile; fileRef = 1108034D1DED037100264524 /* CountdownTimer.swift */; };
		1132D6FE1DDABF880074E1C3 /* PlaySound.swift in Sources */ = {isa = PBXBuildFile; fileRef = 1132D6FD1DDABF880074E1C3 /* PlaySound.swift */; };
		115510A51DD94768002C7D5C /* AppDelegate.swift in Sources */ = {isa = PBXBuildFile; fileRef = 115510A41DD94768002C7D5C /* AppDelegate.swift */; };
		115510A71DD94768002C7D5C /* ViewController.swift in Sources */ = {isa = PBXBuildFile; fileRef = 115510A61DD94768002C7D5C /* ViewController.swift */; };
		115510AA1DD94768002C7D5C /* Main.storyboard in Resources */ = {isa = PBXBuildFile; fileRef = 115510A81DD94768002C7D5C /* Main.storyboard */; };
		115510AC1DD94768002C7D5C /* Assets.xcassets in Resources */ = {isa = PBXBuildFile; fileRef = 115510AB1DD94768002C7D5C /* Assets.xcassets */; };
		115510AF1DD94768002C7D5C /* LaunchScreen.storyboard in Resources */ = {isa = PBXBuildFile; fileRef = 115510AD1DD94768002C7D5C /* LaunchScreen.storyboard */; };
		117AF1A01E2473E3009D26D0 /* icon60@2x.png in Resources */ = {isa = PBXBuildFile; fileRef = 117AF19F1E2473E3009D26D0 /* icon60@2x.png */; };
		118109311DEFA7E3004A7475 /* EventInfoVC.swift in Sources */ = {isa = PBXBuildFile; fileRef = 118109301DEFA7E3004A7475 /* EventInfoVC.swift */; };
		118929791DD9589A00337D46 /* down_full_selected.png in Resources */ = {isa = PBXBuildFile; fileRef = 118929651DD9589A00337D46 /* down_full_selected.png */; };
		1189297A1DD9589A00337D46 /* down_full.png in Resources */ = {isa = PBXBuildFile; fileRef = 118929661DD9589A00337D46 /* down_full.png */; };
		1189297B1DD9589A00337D46 /* down_half_selected.png in Resources */ = {isa = PBXBuildFile; fileRef = 118929671DD9589A00337D46 /* down_half_selected.png */; };
		1189297C1DD9589A00337D46 /* down_half.png in Resources */ = {isa = PBXBuildFile; fileRef = 118929681DD9589A00337D46 /* down_half.png */; };
		1189297D1DD9589A00337D46 /* icon29@1x.png in Resources */ = {isa = PBXBuildFile; fileRef = 118929691DD9589A00337D46 /* icon29@1x.png */; };
		1189297E1DD9589A00337D46 /* icon40@1x.png in Resources */ = {isa = PBXBuildFile; fileRef = 1189296A1DD9589A00337D46 /* icon40@1x.png */; };
		1189297F1DD9589A00337D46 /* icon58@2x.png in Resources */ = {isa = PBXBuildFile; fileRef = 1189296B1DD9589A00337D46 /* icon58@2x.png */; };
		118929801DD9589A00337D46 /* icon80@2x.png in Resources */ = {isa = PBXBuildFile; fileRef = 1189296C1DD9589A00337D46 /* icon80@2x.png */; };
		118929811DD9589A00337D46 /* icon87@3x.png in Resources */ = {isa = PBXBuildFile; fileRef = 1189296D1DD9589A00337D46 /* icon87@3x.png */; };
		118929821DD9589A00337D46 /* icon120@3x.png in Resources */ = {isa = PBXBuildFile; fileRef = 1189296E1DD9589A00337D46 /* icon120@3x.png */; };
		118929831DD9589A00337D46 /* icon180@3x.png in Resources */ = {isa = PBXBuildFile; fileRef = 1189296F1DD9589A00337D46 /* icon180@3x.png */; };
		118929841DD9589A00337D46 /* next_round_fail.png in Resources */ = {isa = PBXBuildFile; fileRef = 118929701DD9589A00337D46 /* next_round_fail.png */; };
		118929851DD9589A00337D46 /* next_round_success.png in Resources */ = {isa = PBXBuildFile; fileRef = 118929711DD9589A00337D46 /* next_round_success.png */; };
		118929861DD9589A00337D46 /* play_again.png in Resources */ = {isa = PBXBuildFile; fileRef = 118929721DD9589A00337D46 /* play_again.png */; };
		118929871DD9589A00337D46 /* splash_screen.png in Resources */ = {isa = PBXBuildFile; fileRef = 118929731DD9589A00337D46 /* splash_screen.png */; };
		118929881DD9589A00337D46 /* up_full_selected.png in Resources */ = {isa = PBXBuildFile; fileRef = 118929741DD9589A00337D46 /* up_full_selected.png */; };
		118929891DD9589A00337D46 /* up_full.png in Resources */ = {isa = PBXBuildFile; fileRef = 118929751DD9589A00337D46 /* up_full.png */; };
		1189298A1DD9589A00337D46 /* up_half_selected.png in Resources */ = {isa = PBXBuildFile; fileRef = 118929761DD9589A00337D46 /* up_half_selected.png */; };
		1189298B1DD9589A00337D46 /* up_half.png in Resources */ = {isa = PBXBuildFile; fileRef = 118929771DD9589A00337D46 /* up_half.png */; };
		1189298C1DD9589A00337D46 /* webview_bar.png in Resources */ = {isa = PBXBuildFile; fileRef = 118929781DD9589A00337D46 /* webview_bar.png */; };
		1189298F1DD958A800337D46 /* CorrectDing.wav in Resources */ = {isa = PBXBuildFile; fileRef = 1189298D1DD958A800337D46 /* CorrectDing.wav */; };
		118929901DD958A800337D46 /* IncorrectBuzz.wav in Resources */ = {isa = PBXBuildFile; fileRef = 1189298E1DD958A800337D46 /* IncorrectBuzz.wav */; };
		1191B7091DDD79C6005813A6 /* pListConverter.swift in Sources */ = {isa = PBXBuildFile; fileRef = 1191B7081DDD79C6005813A6 /* pListConverter.swift */; };
		1197B7FB1DD98370006D9F0F /* HistoricalEventsData.plist in Resources */ = {isa = PBXBuildFile; fileRef = 1197B7FA1DD98370006D9F0F /* HistoricalEventsData.plist */; };
		11A123F41DDA8F6600B9B47B /* BoutTimeGame.swift in Sources */ = {isa = PBXBuildFile; fileRef = 11A123F31DDA8F6600B9B47B /* BoutTimeGame.swift */; };
		11B2A70F1DE402D2007453BD /* Logger.swift in Sources */ = {isa = PBXBuildFile; fileRef = 11B2A70E1DE402D2007453BD /* Logger.swift */; };
		11F495051E2332D300C2EDB2 /* LabelBorderIndent.swift in Sources */ = {isa = PBXBuildFile; fileRef = 11F495041E2332D300C2EDB2 /* LabelBorderIndent.swift */; };
		11F495071E2336D000C2EDB2 /* splash_screen_Simpsons.png in Resources */ = {isa = PBXBuildFile; fileRef = 11F495061E2336D000C2EDB2 /* splash_screen_Simpsons.png */; };
/* End PBXBuildFile section */

/* Begin PBXFileReference section */
		1108034D1DED037100264524 /* CountdownTimer.swift */ = {isa = PBXFileReference; fileEncoding = 4; lastKnownFileType = sourcecode.swift; path = CountdownTimer.swift; sourceTree = "<group>"; };
		1132D6FD1DDABF880074E1C3 /* PlaySound.swift */ = {isa = PBXFileReference; fileEncoding = 4; lastKnownFileType = sourcecode.swift; path = PlaySound.swift; sourceTree = "<group>"; };
		115510A11DD94768002C7D5C /* BoutTime.app */ = {isa = PBXFileReference; explicitFileType = wrapper.application; includeInIndex = 0; path = BoutTime.app; sourceTree = BUILT_PRODUCTS_DIR; };
		115510A41DD94768002C7D5C /* AppDelegate.swift */ = {isa = PBXFileReference; lastKnownFileType = sourcecode.swift; path = AppDelegate.swift; sourceTree = "<group>"; };
		115510A61DD94768002C7D5C /* ViewController.swift */ = {isa = PBXFileReference; lastKnownFileType = sourcecode.swift; path = ViewController.swift; sourceTree = "<group>"; };
		115510A91DD94768002C7D5C /* Base */ = {isa = PBXFileReference; lastKnownFileType = file.storyboard; name = Base; path = Base.lproj/Main.storyboard; sourceTree = "<group>"; };
		115510AB1DD94768002C7D5C /* Assets.xcassets */ = {isa = PBXFileReference; lastKnownFileType = folder.assetcatalog; path = Assets.xcassets; sourceTree = "<group>"; };
		115510AE1DD94768002C7D5C /* Base */ = {isa = PBXFileReference; lastKnownFileType = file.storyboard; name = Base; path = Base.lproj/LaunchScreen.storyboard; sourceTree = "<group>"; };
		115510B01DD94768002C7D5C /* Info.plist */ = {isa = PBXFileReference; lastKnownFileType = text.plist.xml; path = Info.plist; sourceTree = "<group>"; };
		117AF19F1E2473E3009D26D0 /* icon60@2x.png */ = {isa = PBXFileReference; lastKnownFileType = image.png; path = "icon60@2x.png"; sourceTree = "<group>"; };
		118109301DEFA7E3004A7475 /* EventInfoVC.swift */ = {isa = PBXFileReference; fileEncoding = 4; lastKnownFileType = sourcecode.swift; name = EventInfoVC.swift; path = ../EventInfoVC.swift; sourceTree = "<group>"; };
		118929651DD9589A00337D46 /* down_full_selected.png */ = {isa = PBXFileReference; lastKnownFileType = image.png; path = down_full_selected.png; sourceTree = "<group>"; };
		118929661DD9589A00337D46 /* down_full.png */ = {isa = PBXFileReference; lastKnownFileType = image.png; path = down_full.png; sourceTree = "<group>"; };
		118929671DD9589A00337D46 /* down_half_selected.png */ = {isa = PBXFileReference; lastKnownFileType = image.png; path = down_half_selected.png; sourceTree = "<group>"; };
		118929681DD9589A00337D46 /* down_half.png */ = {isa = PBXFileReference; lastKnownFileType = image.png; path = down_half.png; sourceTree = "<group>"; };
		118929691DD9589A00337D46 /* icon29@1x.png */ = {isa = PBXFileReference; lastKnownFileType = image.png; path = "icon29@1x.png"; sourceTree = "<group>"; };
		1189296A1DD9589A00337D46 /* icon40@1x.png */ = {isa = PBXFileReference; lastKnownFileType = image.png; path = "icon40@1x.png"; sourceTree = "<group>"; };
		1189296B1DD9589A00337D46 /* icon58@2x.png */ = {isa = PBXFileReference; lastKnownFileType = image.png; path = "icon58@2x.png"; sourceTree = "<group>"; };
		1189296C1DD9589A00337D46 /* icon80@2x.png */ = {isa = PBXFileReference; lastKnownFileType = image.png; path = "icon80@2x.png"; sourceTree = "<group>"; };
		1189296D1DD9589A00337D46 /* icon87@3x.png */ = {isa = PBXFileReference; lastKnownFileType = image.png; path = "icon87@3x.png"; sourceTree = "<group>"; };
		1189296E1DD9589A00337D46 /* icon120@3x.png */ = {isa = PBXFileReference; lastKnownFileType = image.png; path = "icon120@3x.png"; sourceTree = "<group>"; };
		1189296F1DD9589A00337D46 /* icon180@3x.png */ = {isa = PBXFileReference; lastKnownFileType = image.png; path = "icon180@3x.png"; sourceTree = "<group>"; };
		118929701DD9589A00337D46 /* next_round_fail.png */ = {isa = PBXFileReference; lastKnownFileType = image.png; path = next_round_fail.png; sourceTree = "<group>"; };
		118929711DD9589A00337D46 /* next_round_success.png */ = {isa = PBXFileReference; lastKnownFileType = image.png; path = next_round_success.png; sourceTree = "<group>"; };
		118929721DD9589A00337D46 /* play_again.png */ = {isa = PBXFileReference; lastKnownFileType = image.png; path = play_again.png; sourceTree = "<group>"; };
		118929731DD9589A00337D46 /* splash_screen.png */ = {isa = PBXFileReference; lastKnownFileType = image.png; path = splash_screen.png; sourceTree = "<group>"; };
		118929741DD9589A00337D46 /* up_full_selected.png */ = {isa = PBXFileReference; lastKnownFileType = image.png; path = up_full_selected.png; sourceTree = "<group>"; };
		118929751DD9589A00337D46 /* up_full.png */ = {isa = PBXFileReference; lastKnownFileType = image.png; path = up_full.png; sourceTree = "<group>"; };
		118929761DD9589A00337D46 /* up_half_selected.png */ = {isa = PBXFileReference; lastKnownFileType = image.png; path = up_half_selected.png; sourceTree = "<group>"; };
		118929771DD9589A00337D46 /* up_half.png */ = {isa = PBXFileReference; lastKnownFileType = image.png; path = up_half.png; sourceTree = "<group>"; };
		118929781DD9589A00337D46 /* webview_bar.png */ = {isa = PBXFileReference; lastKnownFileType = image.png; path = webview_bar.png; sourceTree = "<group>"; };
		1189298D1DD958A800337D46 /* CorrectDing.wav */ = {isa = PBXFileReference; lastKnownFileType = audio.wav; path = CorrectDing.wav; sourceTree = "<group>"; };
		1189298E1DD958A800337D46 /* IncorrectBuzz.wav */ = {isa = PBXFileReference; lastKnownFileType = audio.wav; path = IncorrectBuzz.wav; sourceTree = "<group>"; };
		1191B7081DDD79C6005813A6 /* pListConverter.swift */ = {isa = PBXFileReference; fileEncoding = 4; lastKnownFileType = sourcecode.swift; path = pListConverter.swift; sourceTree = "<group>"; };
		1197B7FA1DD98370006D9F0F /* HistoricalEventsData.plist */ = {isa = PBXFileReference; fileEncoding = 4; lastKnownFileType = text.plist.xml; path = HistoricalEventsData.plist; sourceTree = "<group>"; };
		11A123F31DDA8F6600B9B47B /* BoutTimeGame.swift */ = {isa = PBXFileReference; fileEncoding = 4; lastKnownFileType = sourcecode.swift; path = BoutTimeGame.swift; sourceTree = "<group>"; };
		11B2A70E1DE402D2007453BD /* Logger.swift */ = {isa = PBXFileReference; fileEncoding = 4; lastKnownFileType = sourcecode.swift; path = Logger.swift; sourceTree = "<group>"; };
		11F495041E2332D300C2EDB2 /* LabelBorderIndent.swift */ = {isa = PBXFileReference; fileEncoding = 4; lastKnownFileType = sourcecode.swift; path = LabelBorderIndent.swift; sourceTree = "<group>"; };
		11F495061E2336D000C2EDB2 /* splash_screen_Simpsons.png */ = {isa = PBXFileReference; lastKnownFileType = image.png; path = splash_screen_Simpsons.png; sourceTree = "<group>"; };
/* End PBXFileReference section */

/* Begin PBXFrameworksBuildPhase section */
		1155109E1DD94768002C7D5C /* Frameworks */ = {
			isa = PBXFrameworksBuildPhase;
			buildActionMask = 2147483647;
			files = (
			);
			runOnlyForDeploymentPostprocessing = 0;
		};
/* End PBXFrameworksBuildPhase section */

/* Begin PBXGroup section */
		115510981DD94768002C7D5C = {
			isa = PBXGroup;
			children = (
				115510A31DD94768002C7D5C /* BoutTime */,
				115510A21DD94768002C7D5C /* Products */,
			);
			sourceTree = "<group>";
		};
		115510A21DD94768002C7D5C /* Products */ = {
			isa = PBXGroup;
			children = (
				115510A11DD94768002C7D5C /* BoutTime.app */,
			);
			name = Products;
			sourceTree = "<group>";
		};
		115510A31DD94768002C7D5C /* BoutTime */ = {
			isa = PBXGroup;
			children = (
				115510A81DD94768002C7D5C /* Main.storyboard */,
				115510A61DD94768002C7D5C /* ViewController.swift */,
				118109301DEFA7E3004A7475 /* EventInfoVC.swift */,
				11A123F31DDA8F6600B9B47B /* BoutTimeGame.swift */,
				115510A41DD94768002C7D5C /* AppDelegate.swift */,
				1191B7081DDD79C6005813A6 /* pListConverter.swift */,
				1197B7FA1DD98370006D9F0F /* HistoricalEventsData.plist */,
				1132D6FD1DDABF880074E1C3 /* PlaySound.swift */,
				11F495041E2332D300C2EDB2 /* LabelBorderIndent.swift */,
				1108034D1DED037100264524 /* CountdownTimer.swift */,
				11B2A70E1DE402D2007453BD /* Logger.swift */,
				115510AB1DD94768002C7D5C /* Assets.xcassets */,
				115510AD1DD94768002C7D5C /* LaunchScreen.storyboard */,
				115510B01DD94768002C7D5C /* Info.plist */,
				118929641DD9588400337D46 /* Audio */,
				118929631DD9587000337D46 /* Images */,
			);
			path = BoutTime;
			sourceTree = "<group>";
		};
		118929631DD9587000337D46 /* Images */ = {
			isa = PBXGroup;
			children = (
				118929651DD9589A00337D46 /* down_full_selected.png */,
				118929661DD9589A00337D46 /* down_full.png */,
				118929671DD9589A00337D46 /* down_half_selected.png */,
				118929681DD9589A00337D46 /* down_half.png */,
				118929691DD9589A00337D46 /* icon29@1x.png */,
				1189296A1DD9589A00337D46 /* icon40@1x.png */,
				1189296B1DD9589A00337D46 /* icon58@2x.png */,
				117AF19F1E2473E3009D26D0 /* icon60@2x.png */,
				1189296C1DD9589A00337D46 /* icon80@2x.png */,
				1189296D1DD9589A00337D46 /* icon87@3x.png */,
				1189296E1DD9589A00337D46 /* icon120@3x.png */,
				1189296F1DD9589A00337D46 /* icon180@3x.png */,
				118929701DD9589A00337D46 /* next_round_fail.png */,
				118929711DD9589A00337D46 /* next_round_success.png */,
				118929721DD9589A00337D46 /* play_again.png */,
				118929731DD9589A00337D46 /* splash_screen.png */,
				11F495061E2336D000C2EDB2 /* splash_screen_Simpsons.png */,
				118929741DD9589A00337D46 /* up_full_selected.png */,
				118929751DD9589A00337D46 /* up_full.png */,
				118929761DD9589A00337D46 /* up_half_selected.png */,
				118929771DD9589A00337D46 /* up_half.png */,
				118929781DD9589A00337D46 /* webview_bar.png */,
			);
			name = Images;
			sourceTree = "<group>";
		};
		118929641DD9588400337D46 /* Audio */ = {
			isa = PBXGroup;
			children = (
				1189298D1DD958A800337D46 /* CorrectDing.wav */,
				1189298E1DD958A800337D46 /* IncorrectBuzz.wav */,
			);
			name = Audio;
			sourceTree = "<group>";
		};
/* End PBXGroup section */

/* Begin PBXNativeTarget section */
		115510A01DD94768002C7D5C /* BoutTime */ = {
			isa = PBXNativeTarget;
			buildConfigurationList = 115510B31DD94768002C7D5C /* Build configuration list for PBXNativeTarget "BoutTime" */;
			buildPhases = (
				1155109D1DD94768002C7D5C /* Sources */,
				1155109E1DD94768002C7D5C /* Frameworks */,
				1155109F1DD94768002C7D5C /* Resources */,
			);
			buildRules = (
			);
			dependencies = (
			);
			name = BoutTime;
			productName = BoutTime;
			productReference = 115510A11DD94768002C7D5C /* BoutTime.app */;
			productType = "com.apple.product-type.application";
		};
/* End PBXNativeTarget section */

/* Begin PBXProject section */
		115510991DD94768002C7D5C /* Project object */ = {
			isa = PBXProject;
			attributes = {
				LastSwiftUpdateCheck = 0810;
				LastUpgradeCheck = 0820;
				ORGANIZATIONNAME = "10 Red Hacks Pty Ltd";
				TargetAttributes = {
					115510A01DD94768002C7D5C = {
						CreatedOnToolsVersion = 8.1;
						DevelopmentTeam = 947RGXA3P3;
						ProvisioningStyle = Automatic;
					};
				};
			};
			buildConfigurationList = 1155109C1DD94768002C7D5C /* Build configuration list for PBXProject "BoutTime" */;
			compatibilityVersion = "Xcode 3.2";
			developmentRegion = English;
			hasScannedForEncodings = 0;
			knownRegions = (
				en,
				Base,
			);
			mainGroup = 115510981DD94768002C7D5C;
			productRefGroup = 115510A21DD94768002C7D5C /* Products */;
			projectDirPath = "";
			projectRoot = "";
			targets = (
				115510A01DD94768002C7D5C /* BoutTime */,
			);
		};
/* End PBXProject section */

/* Begin PBXResourcesBuildPhase section */
		1155109F1DD94768002C7D5C /* Resources */ = {
			isa = PBXResourcesBuildPhase;
			buildActionMask = 2147483647;
			files = (
				1189298A1DD9589A00337D46 /* up_half_selected.png in Resources */,
				117AF1A01E2473E3009D26D0 /* icon60@2x.png in Resources */,
				118929901DD958A800337D46 /* IncorrectBuzz.wav in Resources */,
				115510AF1DD94768002C7D5C /* LaunchScreen.storyboard in Resources */,
				118929891DD9589A00337D46 /* up_full.png in Resources */,
				11F495071E2336D000C2EDB2 /* splash_screen_Simpsons.png in Resources */,
				1189297C1DD9589A00337D46 /* down_half.png in Resources */,
				118929871DD9589A00337D46 /* splash_screen.png in Resources */,
				118929821DD9589A00337D46 /* icon120@3x.png in Resources */,
				1189297B1DD9589A00337D46 /* down_half_selected.png in Resources */,
				1189298F1DD958A800337D46 /* CorrectDing.wav in Resources */,
				1189297E1DD9589A00337D46 /* icon40@1x.png in Resources */,
				115510AC1DD94768002C7D5C /* Assets.xcassets in Resources */,
				1197B7FB1DD98370006D9F0F /* HistoricalEventsData.plist in Resources */,
				1189297A1DD9589A00337D46 /* down_full.png in Resources */,
				118929851DD9589A00337D46 /* next_round_success.png in Resources */,
				1189298B1DD9589A00337D46 /* up_half.png in Resources */,
				118929801DD9589A00337D46 /* icon80@2x.png in Resources */,
				118929831DD9589A00337D46 /* icon180@3x.png in Resources */,
				1189297F1DD9589A00337D46 /* icon58@2x.png in Resources */,
				1189297D1DD9589A00337D46 /* icon29@1x.png in Resources */,
				115510AA1DD94768002C7D5C /* Main.storyboard in Resources */,
				118929791DD9589A00337D46 /* down_full_selected.png in Resources */,
				118929881DD9589A00337D46 /* up_full_selected.png in Resources */,
				118929811DD9589A00337D46 /* icon87@3x.png in Resources */,
				118929841DD9589A00337D46 /* next_round_fail.png in Resources */,
				118929861DD9589A00337D46 /* play_again.png in Resources */,
				1189298C1DD9589A00337D46 /* webview_bar.png in Resources */,
			);
			runOnlyForDeploymentPostprocessing = 0;
		};
/* End PBXResourcesBuildPhase section */

/* Begin PBXSourcesBuildPhase section */
		1155109D1DD94768002C7D5C /* Sources */ = {
			isa = PBXSourcesBuildPhase;
			buildActionMask = 2147483647;
			files = (
				115510A71DD94768002C7D5C /* ViewController.swift in Sources */,
				1191B7091DDD79C6005813A6 /* pListConverter.swift in Sources */,
				1108034E1DED037100264524 /* CountdownTimer.swift in Sources */,
				118109311DEFA7E3004A7475 /* EventInfoVC.swift in Sources */,
				1132D6FE1DDABF880074E1C3 /* PlaySound.swift in Sources */,
				115510A51DD94768002C7D5C /* AppDelegate.swift in Sources */,
				11B2A70F1DE402D2007453BD /* Logger.swift in Sources */,
				11F495051E2332D300C2EDB2 /* LabelBorderIndent.swift in Sources */,
				11A123F41DDA8F6600B9B47B /* BoutTimeGame.swift in Sources */,
			);
			runOnlyForDeploymentPostprocessing = 0;
		};
/* End PBXSourcesBuildPhase section */

/* Begin PBXVariantGroup section */
		115510A81DD94768002C7D5C /* Main.storyboard */ = {
			isa = PBXVariantGroup;
			children = (
				115510A91DD94768002C7D5C /* Base */,
			);
			name = Main.storyboard;
			sourceTree = "<group>";
		};
		115510AD1DD94768002C7D5C /* LaunchScreen.storyboard */ = {
			isa = PBXVariantGroup;
			children = (
				115510AE1DD94768002C7D5C /* Base */,
			);
			name = LaunchScreen.storyboard;
			sourceTree = "<group>";
		};
/* End PBXVariantGroup section */

/* Begin XCBuildConfiguration section */
		115510B11DD94768002C7D5C /* Debug */ = {
			isa = XCBuildConfiguration;
			buildSettings = {
				ALWAYS_SEARCH_USER_PATHS = NO;
				CLANG_ANALYZER_NONNULL = YES;
				CLANG_CXX_LANGUAGE_STANDARD = "gnu++0x";
				CLANG_CXX_LIBRARY = "libc++";
				CLANG_ENABLE_MODULES = YES;
				CLANG_ENABLE_OBJC_ARC = YES;
				CLANG_WARN_BOOL_CONVERSION = YES;
				CLANG_WARN_CONSTANT_CONVERSION = YES;
				CLANG_WARN_DIRECT_OBJC_ISA_USAGE = YES_ERROR;
				CLANG_WARN_DOCUMENTATION_COMMENTS = YES;
				CLANG_WARN_EMPTY_BODY = YES;
				CLANG_WARN_ENUM_CONVERSION = YES;
				CLANG_WARN_INFINITE_RECURSION = YES;
				CLANG_WARN_INT_CONVERSION = YES;
				CLANG_WARN_OBJC_ROOT_CLASS = YES_ERROR;
				CLANG_WARN_SUSPICIOUS_MOVE = YES;
				CLANG_WARN_SUSPICIOUS_MOVES = YES;
				CLANG_WARN_UNREACHABLE_CODE = YES;
				CLANG_WARN__DUPLICATE_METHOD_MATCH = YES;
				"CODE_SIGN_IDENTITY[sdk=iphoneos*]" = "iPhone Developer";
				COPY_PHASE_STRIP = NO;
				DEBUG_INFORMATION_FORMAT = dwarf;
				ENABLE_STRICT_OBJC_MSGSEND = YES;
				ENABLE_TESTABILITY = YES;
				GCC_C_LANGUAGE_STANDARD = gnu99;
				GCC_DYNAMIC_NO_PIC = NO;
				GCC_NO_COMMON_BLOCKS = YES;
				GCC_OPTIMIZATION_LEVEL = 0;
				GCC_PREPROCESSOR_DEFINITIONS = (
					"DEBUG=1",
					"$(inherited)",
				);
				GCC_WARN_64_TO_32_BIT_CONVERSION = YES;
				GCC_WARN_ABOUT_RETURN_TYPE = YES_ERROR;
				GCC_WARN_UNDECLARED_SELECTOR = YES;
				GCC_WARN_UNINITIALIZED_AUTOS = YES_AGGRESSIVE;
				GCC_WARN_UNUSED_FUNCTION = YES;
				GCC_WARN_UNUSED_VARIABLE = YES;
				IPHONEOS_DEPLOYMENT_TARGET = 10.1;
				MTL_ENABLE_DEBUG_INFO = YES;
				ONLY_ACTIVE_ARCH = YES;
				SDKROOT = iphoneos;
				SWIFT_ACTIVE_COMPILATION_CONDITIONS = DEBUG;
				SWIFT_OPTIMIZATION_LEVEL = "-Onone";
			};
			name = Debug;
		};
		115510B21DD94768002C7D5C /* Release */ = {
			isa = XCBuildConfiguration;
			buildSettings = {
				ALWAYS_SEARCH_USER_PATHS = NO;
				CLANG_ANALYZER_NONNULL = YES;
				CLANG_CXX_LANGUAGE_STANDARD = "gnu++0x";
				CLANG_CXX_LIBRARY = "libc++";
				CLANG_ENABLE_MODULES = YES;
				CLANG_ENABLE_OBJC_ARC = YES;
				CLANG_WARN_BOOL_CONVERSION = YES;
				CLANG_WARN_CONSTANT_CONVERSION = YES;
				CLANG_WARN_DIRECT_OBJC_ISA_USAGE = YES_ERROR;
				CLANG_WARN_DOCUMENTATION_COMMENTS = YES;
				CLANG_WARN_EMPTY_BODY = YES;
				CLANG_WARN_ENUM_CONVERSION = YES;
				CLANG_WARN_INFINITE_RECURSION = YES;
				CLANG_WARN_INT_CONVERSION = YES;
				CLANG_WARN_OBJC_ROOT_CLASS = YES_ERROR;
				CLANG_WARN_SUSPICIOUS_MOVE = YES;
				CLANG_WARN_SUSPICIOUS_MOVES = YES;
				CLANG_WARN_UNREACHABLE_CODE = YES;
				CLANG_WARN__DUPLICATE_METHOD_MATCH = YES;
				"CODE_SIGN_IDENTITY[sdk=iphoneos*]" = "iPhone Developer";
				COPY_PHASE_STRIP = NO;
				DEBUG_INFORMATION_FORMAT = "dwarf-with-dsym";
				ENABLE_NS_ASSERTIONS = NO;
				ENABLE_STRICT_OBJC_MSGSEND = YES;
				GCC_C_LANGUAGE_STANDARD = gnu99;
				GCC_NO_COMMON_BLOCKS = YES;
				GCC_WARN_64_TO_32_BIT_CONVERSION = YES;
				GCC_WARN_ABOUT_RETURN_TYPE = YES_ERROR;
				GCC_WARN_UNDECLARED_SELECTOR = YES;
				GCC_WARN_UNINITIALIZED_AUTOS = YES_AGGRESSIVE;
				GCC_WARN_UNUSED_FUNCTION = YES;
				GCC_WARN_UNUSED_VARIABLE = YES;
				IPHONEOS_DEPLOYMENT_TARGET = 10.1;
				MTL_ENABLE_DEBUG_INFO = NO;
				SDKROOT = iphoneos;
				SWIFT_OPTIMIZATION_LEVEL = "-Owholemodule";
				VALIDATE_PRODUCT = YES;
			};
			name = Release;
		};
		115510B41DD94768002C7D5C /* Debug */ = {
			isa = XCBuildConfiguration;
			buildSettings = {
				ASSETCATALOG_COMPILER_APPICON_NAME = AppIcon;
				"CODE_SIGN_IDENTITY[sdk=iphoneos*]" = "iPhone Developer";
				DEVELOPMENT_TEAM = 947RGXA3P3;
				INFOPLIST_FILE = BoutTime/Info.plist;
				LD_RUNPATH_SEARCH_PATHS = "$(inherited) @executable_path/Frameworks";
				PRODUCT_BUNDLE_IDENTIFIER = com.10RedHacks.BoutTime;
				PRODUCT_NAME = "$(TARGET_NAME)";
				SWIFT_VERSION = 3.0;
			};
			name = Debug;
		};
		115510B51DD94768002C7D5C /* Release */ = {
			isa = XCBuildConfiguration;
			buildSettings = {
				ASSETCATALOG_COMPILER_APPICON_NAME = AppIcon;
				"CODE_SIGN_IDENTITY[sdk=iphoneos*]" = "iPhone Developer";
				DEVELOPMENT_TEAM = 947RGXA3P3;
				INFOPLIST_FILE = BoutTime/Info.plist;
				LD_RUNPATH_SEARCH_PATHS = "$(inherited) @executable_path/Frameworks";
				PRODUCT_BUNDLE_IDENTIFIER = com.10RedHacks.BoutTime;
				PRODUCT_NAME = "$(TARGET_NAME)";
				SWIFT_VERSION = 3.0;
			};
			name = Release;
		};
/* End XCBuildConfiguration section */

/* Begin XCConfigurationList section */
		1155109C1DD94768002C7D5C /* Build configuration list for PBXProject "BoutTime" */ = {
			isa = XCConfigurationList;
			buildConfigurations = (
				115510B11DD94768002C7D5C /* Debug */,
				115510B21DD94768002C7D5C /* Release */,
			);
			defaultConfigurationIsVisible = 0;
			defaultConfigurationName = Release;
		};
		115510B31DD94768002C7D5C /* Build configuration list for PBXNativeTarget "BoutTime" */ = {
			isa = XCConfigurationList;
			buildConfigurations = (
				115510B41DD94768002C7D5C /* Debug */,
				115510B51DD94768002C7D5C /* Release */,
			);
			defaultConfigurationIsVisible = 0;
			defaultConfigurationName = Release;
		};
/* End XCConfigurationList section */
	};
	rootObject = 115510991DD94768002C7D5C /* Project object */;
}
